
Microsoft Visual Studio Solution File, Format Version 12.00
# Visual Studio 2013
VisualStudioVersion = 12.0.31101.0
MinimumVisualStudioVersion = 10.0.40219.1
Project("{FAE04EC0-301F-11D3-BF4B-00C04F79EFBC}") = "Framework", "Framework\Framework.csproj", "{864690EB-97B5-4233-A5E3-32CAB71459EC}"
EndProject
Project("{FAE04EC0-301F-11D3-BF4B-00C04F79EFBC}") = "Framework.Tests", "Framework.Tests\Framework.Tests.csproj", "{804232D1-7B7E-496E-BEC7-2FB93BCC3452}"
EndProject
Global
	GlobalSection(SolutionConfigurationPlatforms) = preSolution
		Debug|Any CPU = Debug|Any CPU
		Release|Any CPU = Release|Any CPU
	EndGlobalSection
	GlobalSection(ProjectConfigurationPlatforms) = postSolution
		{864690EB-97B5-4233-A5E3-32CAB71459EC}.Debug|Any CPU.ActiveCfg = Debug|Any CPU
		{864690EB-97B5-4233-A5E3-32CAB71459EC}.Debug|Any CPU.Build.0 = Debug|Any CPU
		{864690EB-97B5-4233-A5E3-32CAB71459EC}.Release|Any CPU.ActiveCfg = Release|Any CPU
		{864690EB-97B5-4233-A5E3-32CAB71459EC}.Release|Any CPU.Build.0 = Release|Any CPU
		{804232D1-7B7E-496E-BEC7-2FB93BCC3452}.Debug|Any CPU.ActiveCfg = Debug|Any CPU
		{804232D1-7B7E-496E-BEC7-2FB93BCC3452}.Debug|Any CPU.Build.0 = Debug|Any CPU
		{804232D1-7B7E-496E-BEC7-2FB93BCC3452}.Release|Any CPU.ActiveCfg = Release|Any CPU
		{804232D1-7B7E-496E-BEC7-2FB93BCC3452}.Release|Any CPU.Build.0 = Release|Any CPU
	EndGlobalSection
	GlobalSection(SolutionProperties) = preSolution
		HideSolutionNode = FALSE
	EndGlobalSection
	GlobalSection(ExtensibilityGlobals) = postSolution
		VisualSVNWorkingCopyRoot = .
	EndGlobalSection
EndGlobal
